// !$*UTF8*$!
{
	archiveVersion = 1;
	classes = {
	};
	objectVersion = 50;
	objects = {

/* Begin PBXBuildFile section */
		F5F36CFC2081006D00F7ACAD /* main.cpp in Sources */ = {isa = PBXBuildFile; fileRef = F5F36CFB2081006D00F7ACAD /* main.cpp */; };
/* End PBXBuildFile section */

/* Begin PBXCopyFilesBuildPhase section */
		F5F36CF62081006D00F7ACAD /* CopyFiles */ = {
			isa = PBXCopyFilesBuildPhase;
			buildActionMask = 2147483647;
			dstPath = /usr/share/man/man1/;
			dstSubfolderSpec = 0;
			files = (
			);
			runOnlyForDeploymentPostprocessing = 1;
		};
/* End PBXCopyFilesBuildPhase section */

/* Begin PBXFileReference section */
		F5061F3E2081567F00A62D57 /* Libro.h */ = {isa = PBXFileReference; lastKnownFileType = sourcecode.c.h; path = Libro.h; sourceTree = "<group>"; };
		F5061F3F20815CC100A62D57 /* Disco.h */ = {isa = PBXFileReference; lastKnownFileType = sourcecode.c.h; path = Disco.h; sourceTree = "<group>"; };
		F5061F4020815D6400A62D57 /* Software.h */ = {isa = PBXFileReference; lastKnownFileType = sourcecode.c.h; path = Software.h; sourceTree = "<group>"; };
		F5061F4120815ECF00A62D57 /* Reserva.h */ = {isa = PBXFileReference; lastKnownFileType = sourcecode.c.h; path = Reserva.h; sourceTree = "<group>"; };
		F5061F4220815EDD00A62D57 /* Fecha.h */ = {isa = PBXFileReference; lastKnownFileType = sourcecode.c.h; path = Fecha.h; sourceTree = "<group>"; };
		F5F36CF82081006D00F7ACAD /* avancepro3 */ = {isa = PBXFileReference; explicitFileType = "compiled.mach-o.executable"; includeInIndex = 0; path = avancepro3; sourceTree = BUILT_PRODUCTS_DIR; };
		F5F36CFB2081006D00F7ACAD /* main.cpp */ = {isa = PBXFileReference; lastKnownFileType = sourcecode.cpp.cpp; path = main.cpp; sourceTree = "<group>"; };
		F5F36D0320810B4500F7ACAD /* Material.h */ = {isa = PBXFileReference; lastKnownFileType = sourcecode.c.h; path = Material.h; sourceTree = "<group>"; };
/* End PBXFileReference section */

/* Begin PBXFrameworksBuildPhase section */
		F5F36CF52081006D00F7ACAD /* Frameworks */ = {
			isa = PBXFrameworksBuildPhase;
			buildActionMask = 2147483647;
			files = (
			);
			runOnlyForDeploymentPostprocessing = 0;
		};
/* End PBXFrameworksBuildPhase section */

/* Begin PBXGroup section */
		F5F36CEF2081006C00F7ACAD = {
			isa = PBXGroup;
			children = (
				F5F36D0320810B4500F7ACAD /* Material.h */,
				F5061F3E2081567F00A62D57 /* Libro.h */,
				F5061F3F20815CC100A62D57 /* Disco.h */,
				F5061F4020815D6400A62D57 /* Software.h */,
				F5061F4120815ECF00A62D57 /* Reserva.h */,
				F5061F4220815EDD00A62D57 /* Fecha.h */,
				F5F36CFA2081006D00F7ACAD /* avancepro3 */,
				F5F36CF92081006D00F7ACAD /* Products */,
			);
			sourceTree = "<group>";
		};
		F5F36CF92081006D00F7ACAD /* Products */ = {
			isa = PBXGroup;
			children = (
				F5F36CF82081006D00F7ACAD /* avancepro3 */,
			);
			name = Products;
			sourceTree = "<group>";
		};
		F5F36CFA2081006D00F7ACAD /* avancepro3 */ = {
			isa = PBXGroup;
			children = (
				F5F36CFB2081006D00F7ACAD /* main.cpp */,
			);
			path = avancepro3;
			sourceTree = "<group>";
		};
/* End PBXGroup section */

/* Begin PBXNativeTarget section */
		F5F36CF72081006D00F7ACAD /* avancepro3 */ = {
			isa = PBXNativeTarget;
			buildConfigurationList = F5F36CFF2081006D00F7ACAD /* Build configuration list for PBXNativeTarget "avancepro3" */;
			buildPhases = (
				F5F36CF42081006D00F7ACAD /* Sources */,
				F5F36CF52081006D00F7ACAD /* Frameworks */,
				F5F36CF62081006D00F7ACAD /* CopyFiles */,
			);
			buildRules = (
			);
			dependencies = (
			);
			name = avancepro3;
			productName = avancepro3;
			productReference = F5F36CF82081006D00F7ACAD /* avancepro3 */;
			productType = "com.apple.product-type.tool";
		};
/* End PBXNativeTarget section */

/* Begin PBXProject section */
		F5F36CF02081006C00F7ACAD /* Project object */ = {
			isa = PBXProject;
			attributes = {
				LastUpgradeCheck = 0930;
				ORGANIZATIONNAME = "Pepe Hdez hdez";
				TargetAttributes = {
					F5F36CF72081006D00F7ACAD = {
						CreatedOnToolsVersion = 9.3;
					};
				};
			};
			buildConfigurationList = F5F36CF32081006C00F7ACAD /* Build configuration list for PBXProject "avancepro3" */;
			compatibilityVersion = "Xcode 9.3";
			developmentRegion = en;
			hasScannedForEncodings = 0;
			knownRegions = (
				en,
			);
			mainGroup = F5F36CEF2081006C00F7ACAD;
			productRefGroup = F5F36CF92081006D00F7ACAD /* Products */;
			projectDirPath = "";
			projectRoot = "";
			targets = (
				F5F36CF72081006D00F7ACAD /* avancepro3 */,
			);
		};
/* End PBXProject section */

/* Begin PBXSourcesBuildPhase section */
		F5F36CF42081006D00F7ACAD /* Sources */ = {
			isa = PBXSourcesBuildPhase;
			buildActionMask = 2147483647;
			files = (
				F5F36CFC2081006D00F7ACAD /* main.cpp in Sources */,
			);
			runOnlyForDeploymentPostprocessing = 0;
		};
/* End PBXSourcesBuildPhase section */

/* Begin XCBuildConfiguration section */
		F5F36CFD2081006D00F7ACAD /* Debug */ = {
			isa = XCBuildConfiguration;
			buildSettings = {
				ALWAYS_SEARCH_USER_PATHS = NO;
				CLANG_ANALYZER_NONNULL = YES;
				CLANG_ANALYZER_NUMBER_OBJECT_CONVERSION = YES_AGGRESSIVE;
				CLANG_CXX_LANGUAGE_STANDARD = "gnu++14";
				CLANG_CXX_LIBRARY = "libc++";
				CLANG_ENABLE_MODULES = YES;
				CLANG_ENABLE_OBJC_ARC = YES;
				CLANG_ENABLE_OBJC_WEAK = YES;
				CLANG_WARN_BLOCK_CAPTURE_AUTORELEASING = YES;
				CLANG_WARN_BOOL_CONVERSION = YES;
				CLANG_WARN_COMMA = YES;
				CLANG_WARN_CONSTANT_CONVERSION = YES;
				CLANG_WARN_DEPRECATED_OBJC_IMPLEMENTATIONS = YES;
				CLANG_WARN_DIRECT_OBJC_ISA_USAGE = YES_ERROR;
				CLANG_WARN_DOCUMENTATION_COMMENTS = YES;
				CLANG_WARN_EMPTY_BODY = YES;
				CLANG_WARN_ENUM_CONVERSION = YES;
				CLANG_WARN_INFINITE_RECURSION = YES;
				CLANG_WARN_INT_CONVERSION = YES;
				CLANG_WARN_NON_LITERAL_NULL_CONVERSION = YES;
				CLANG_WARN_OBJC_IMPLICIT_RETAIN_SELF = YES;
				CLANG_WARN_OBJC_LITERAL_CONVERSION = YES;
				CLANG_WARN_OBJC_ROOT_CLASS = YES_ERROR;
				CLANG_WARN_RANGE_LOOP_ANALYSIS = YES;
				CLANG_WARN_STRICT_PROTOTYPES = YES;
				CLANG_WARN_SUSPICIOUS_MOVE = YES;
				CLANG_WARN_UNGUARDED_AVAILABILITY = YES_AGGRESSIVE;
				CLANG_WARN_UNREACHABLE_CODE = YES;
				CLANG_WARN__DUPLICATE_METHOD_MATCH = YES;
				CODE_SIGN_IDENTITY = "-";
				COPY_PHASE_STRIP = NO;
				DEBUG_INFORMATION_FORMAT = dwarf;
				ENABLE_STRICT_OBJC_MSGSEND = YES;
				ENABLE_TESTABILITY = YES;
				GCC_C_LANGUAGE_STANDARD = gnu11;
				GCC_DYNAMIC_NO_PIC = NO;
				GCC_NO_COMMON_BLOCKS = YES;
				GCC_OPTIMIZATION_LEVEL = 0;
				GCC_PREPROCESSOR_DEFINITIONS = (
					"DEBUG=1",
					"$(inherited)",
				);
				GCC_WARN_64_TO_32_BIT_CONVERSION = YES;
				GCC_WARN_ABOUT_RETURN_TYPE = YES_ERROR;
				GCC_WARN_UNDECLARED_SELECTOR = YES;
				GCC_WARN_UNINITIALIZED_AUTOS = YES_AGGRESSIVE;
				GCC_WARN_UNUSED_FUNCTION = YES;
				GCC_WARN_UNUSED_VARIABLE = YES;
				MACOSX_DEPLOYMENT_TARGET = 10.13;
				MTL_ENABLE_DEBUG_INFO = YES;
				ONLY_ACTIVE_ARCH = YES;
				SDKROOT = macosx;
			};
			name = Debug;
		};
		F5F36CFE2081006D00F7ACAD /* Release */ = {
			isa = XCBuildConfiguration;
			buildSettings = {
				ALWAYS_SEARCH_USER_PATHS = NO;
				CLANG_ANALYZER_NONNULL = YES;
				CLANG_ANALYZER_NUMBER_OBJECT_CONVERSION = YES_AGGRESSIVE;
				CLANG_CXX_LANGUAGE_STANDARD = "gnu++14";
				CLANG_CXX_LIBRARY = "libc++";
				CLANG_ENABLE_MODULES = YES;
				CLANG_ENABLE_OBJC_ARC = YES;
				CLANG_ENABLE_OBJC_WEAK = YES;
				CLANG_WARN_BLOCK_CAPTURE_AUTORELEASING = YES;
				CLANG_WARN_BOOL_CONVERSION = YES;
				CLANG_WARN_COMMA = YES;
				CLANG_WARN_CONSTANT_CONVERSION = YES;
				CLANG_WARN_DEPRECATED_OBJC_IMPLEMENTATIONS = YES;
				CLANG_WARN_DIRECT_OBJC_ISA_USAGE = YES_ERROR;
				CLANG_WARN_DOCUMENTATION_COMMENTS = YES;
				CLANG_WARN_EMPTY_BODY = YES;
				CLANG_WARN_ENUM_CONVERSION = YES;
				CLANG_WARN_INFINITE_RECURSION = YES;
				CLANG_WARN_INT_CONVERSION = YES;
				CLANG_WARN_NON_LITERAL_NULL_CONVERSION = YES;
				CLANG_WARN_OBJC_IMPLICIT_RETAIN_SELF = YES;
				CLANG_WARN_OBJC_LITERAL_CONVERSION = YES;
				CLANG_WARN_OBJC_ROOT_CLASS = YES_ERROR;
				CLANG_WARN_RANGE_LOOP_ANALYSIS = YES;
				CLANG_WARN_STRICT_PROTOTYPES = YES;
				CLANG_WARN_SUSPICIOUS_MOVE = YES;
				CLANG_WARN_UNGUARDED_AVAILABILITY = YES_AGGRESSIVE;
				CLANG_WARN_UNREACHABLE_CODE = YES;
				CLANG_WARN__DUPLICATE_METHOD_MATCH = YES;
				CODE_SIGN_IDENTITY = "-";
				COPY_PHASE_STRIP = NO;
				DEBUG_INFORMATION_FORMAT = "dwarf-with-dsym";
				ENABLE_NS_ASSERTIONS = NO;
				ENABLE_STRICT_OBJC_MSGSEND = YES;
				GCC_C_LANGUAGE_STANDARD = gnu11;
				GCC_NO_COMMON_BLOCKS = YES;
				GCC_WARN_64_TO_32_BIT_CONVERSION = YES;
				GCC_WARN_ABOUT_RETURN_TYPE = YES_ERROR;
				GCC_WARN_UNDECLARED_SELECTOR = YES;
				GCC_WARN_UNINITIALIZED_AUTOS = YES_AGGRESSIVE;
				GCC_WARN_UNUSED_FUNCTION = YES;
				GCC_WARN_UNUSED_VARIABLE = YES;
				MACOSX_DEPLOYMENT_TARGET = 10.13;
				MTL_ENABLE_DEBUG_INFO = NO;
				SDKROOT = macosx;
			};
			name = Release;
		};
		F5F36D002081006D00F7ACAD /* Debug */ = {
			isa = XCBuildConfiguration;
			buildSettings = {
				CODE_SIGN_STYLE = Automatic;
				PRODUCT_NAME = "$(TARGET_NAME)";
			};
			name = Debug;
		};
		F5F36D012081006D00F7ACAD /* Release */ = {
			isa = XCBuildConfiguration;
			buildSettings = {
				CODE_SIGN_STYLE = Automatic;
				PRODUCT_NAME = "$(TARGET_NAME)";
			};
			name = Release;
		};
/* End XCBuildConfiguration section */

/* Begin XCConfigurationList section */
		F5F36CF32081006C00F7ACAD /* Build configuration list for PBXProject "avancepro3" */ = {
			isa = XCConfigurationList;
			buildConfigurations = (
				F5F36CFD2081006D00F7ACAD /* Debug */,
				F5F36CFE2081006D00F7ACAD /* Release */,
			);
			defaultConfigurationIsVisible = 0;
			defaultConfigurationName = Release;
		};
		F5F36CFF2081006D00F7ACAD /* Build configuration list for PBXNativeTarget "avancepro3" */ = {
			isa = XCConfigurationList;
			buildConfigurations = (
				F5F36D002081006D00F7ACAD /* Debug */,
				F5F36D012081006D00F7ACAD /* Release */,
			);
			defaultConfigurationIsVisible = 0;
			defaultConfigurationName = Release;
		};
/* End XCConfigurationList section */
	};
	rootObject = F5F36CF02081006C00F7ACAD /* Project object */;
}
